
Microsoft Visual Studio Solution File, Format Version 12.00
# Visual Studio Version 17
VisualStudioVersion = 17.7.34031.279
MinimumVisualStudioVersion = 10.0.40219.1
Project("{FAE04EC0-301F-11D3-BF4B-00C04F79EFBC}") = "Clase", "Clase.csproj", "{147E7F9B-C042-44E7-9C4C-6CE066C6986F}"
EndProject
Global
	GlobalSection(SolutionConfigurationPlatforms) = preSolution
		Debug|Any CPU = Debug|Any CPU
		Release|Any CPU = Release|Any CPU
	EndGlobalSection
	GlobalSection(ProjectConfigurationPlatforms) = postSolution
		{147E7F9B-C042-44E7-9C4C-6CE066C6986F}.Debug|Any CPU.ActiveCfg = Debug|Any CPU
		{147E7F9B-C042-44E7-9C4C-6CE066C6986F}.Debug|Any CPU.Build.0 = Debug|Any CPU
		{147E7F9B-C042-44E7-9C4C-6CE066C6986F}.Release|Any CPU.ActiveCfg = Release|Any CPU
		{147E7F9B-C042-44E7-9C4C-6CE066C6986F}.Release|Any CPU.Build.0 = Release|Any CPU
	EndGlobalSection
	GlobalSection(SolutionProperties) = preSolution
		HideSolutionNode = FALSE
	EndGlobalSection
	GlobalSection(ExtensibilityGlobals) = postSolution
		SolutionGuid = {C64DE4B5-8172-4C74-A18C-643A5B8F7630}
	EndGlobalSection
EndGlobal
